
Microsoft Visual Studio Solution File, Format Version 12.00
# Visual Studio Version 17
VisualStudioVersion = 17.3.32811.315
MinimumVisualStudioVersion = 10.0.40219.1
Project("{9A19103F-16F7-4668-BE54-9A1E7A4F7556}") = "velowrench.UI", "velowrench.UI\velowrench.UI.csproj", "{EBFA8512-1EA5-4D8C-B4AC-AB5B48A6D568}"
EndProject
Project("{9A19103F-16F7-4668-BE54-9A1E7A4F7556}") = "velowrench.Shell.Desktop", "velowrench.Shell.Desktop\velowrench.Shell.Desktop.csproj", "{ABC31E74-02FF-46EB-B3B2-4E6AE43B456C}"
EndProject
Project("{9A19103F-16F7-4668-BE54-9A1E7A4F7556}") = "velowrench.Shell.iOS", "velowrench.Shell.iOS\velowrench.Shell.iOS.csproj", "{EBD9022F-BC83-4846-9A11-6F7F3772DC64}"
EndProject
Project("{9A19103F-16F7-4668-BE54-9A1E7A4F7556}") = "velowrench.Shell.Android", "velowrench.Shell.Android\velowrench.Shell.Android.csproj", "{7AD1DAC8-7FBE-49D5-8614-7321233DB82E}"
EndProject
Project("{2150E333-8FDC-42A3-9474-1A3956D46DE8}") = "Solution Items", "Solution Items", "{3DA99C4E-89E3-4049-9C22-0A7EC60D83D8}"
	ProjectSection(SolutionItems) = preProject
		Directory.Packages.props = Directory.Packages.props
	EndProjectSection
EndProject
Project("{FAE04EC0-301F-11D3-BF4B-00C04F79EFBC}") = "velowrench.Core", "velowrench.Core\velowrench.Core.csproj", "{A3A04BE1-0591-45D8-8BC7-5155F0AFB601}"
EndProject
Project("{FAE04EC0-301F-11D3-BF4B-00C04F79EFBC}") = "velowrench.Calculations", "velowrench.Calculations\velowrench.Calculations.csproj", "{6C0A4A10-E226-4B6F-9214-671956C9E016}"
EndProject
Project("{FAE04EC0-301F-11D3-BF4B-00C04F79EFBC}") = "velowrench.Utils", "velowrench.Utils\velowrench.Utils.csproj", "{CD235A13-D211-4DAD-9FB1-BB0C1064935F}"
EndProject
Project("{2150E333-8FDC-42A3-9474-1A3956D46DE8}") = "Tests", "Tests", "{02EA681E-C7D8-13C7-8484-4AC65E1B71E8}"
EndProject
Project("{FAE04EC0-301F-11D3-BF4B-00C04F79EFBC}") = "velowrench.Calculations.Tests", "velowrench.Calculations.Tests\velowrench.Calculations.Tests.csproj", "{601D6DAC-15C1-4EC6-8EB8-2286574732A0}"
EndProject
Global
	GlobalSection(SolutionConfigurationPlatforms) = preSolution
		Debug|Any CPU = Debug|Any CPU
		Release|Any CPU = Release|Any CPU
	EndGlobalSection
	GlobalSection(ProjectConfigurationPlatforms) = postSolution
		{EBFA8512-1EA5-4D8C-B4AC-AB5B48A6D568}.Debug|Any CPU.ActiveCfg = Debug|Any CPU
		{EBFA8512-1EA5-4D8C-B4AC-AB5B48A6D568}.Debug|Any CPU.Build.0 = Debug|Any CPU
		{EBFA8512-1EA5-4D8C-B4AC-AB5B48A6D568}.Release|Any CPU.ActiveCfg = Release|Any CPU
		{EBFA8512-1EA5-4D8C-B4AC-AB5B48A6D568}.Release|Any CPU.Build.0 = Release|Any CPU
		{ABC31E74-02FF-46EB-B3B2-4E6AE43B456C}.Debug|Any CPU.ActiveCfg = Debug|Any CPU
		{ABC31E74-02FF-46EB-B3B2-4E6AE43B456C}.Debug|Any CPU.Build.0 = Debug|Any CPU
		{ABC31E74-02FF-46EB-B3B2-4E6AE43B456C}.Release|Any CPU.ActiveCfg = Release|Any CPU
		{ABC31E74-02FF-46EB-B3B2-4E6AE43B456C}.Release|Any CPU.Build.0 = Release|Any CPU
		{EBD9022F-BC83-4846-9A11-6F7F3772DC64}.Debug|Any CPU.ActiveCfg = Debug|Any CPU
		{EBD9022F-BC83-4846-9A11-6F7F3772DC64}.Debug|Any CPU.Build.0 = Debug|Any CPU
		{EBD9022F-BC83-4846-9A11-6F7F3772DC64}.Release|Any CPU.ActiveCfg = Release|Any CPU
		{EBD9022F-BC83-4846-9A11-6F7F3772DC64}.Release|Any CPU.Build.0 = Release|Any CPU
		{7AD1DAC8-7FBE-49D5-8614-7321233DB82E}.Debug|Any CPU.ActiveCfg = Debug|Any CPU
		{7AD1DAC8-7FBE-49D5-8614-7321233DB82E}.Debug|Any CPU.Build.0 = Debug|Any CPU
		{7AD1DAC8-7FBE-49D5-8614-7321233DB82E}.Debug|Any CPU.Deploy.0 = Debug|Any CPU
		{7AD1DAC8-7FBE-49D5-8614-7321233DB82E}.Release|Any CPU.ActiveCfg = Release|Any CPU
		{7AD1DAC8-7FBE-49D5-8614-7321233DB82E}.Release|Any CPU.Build.0 = Release|Any CPU
		{A3A04BE1-0591-45D8-8BC7-5155F0AFB601}.Debug|Any CPU.ActiveCfg = Debug|Any CPU
		{A3A04BE1-0591-45D8-8BC7-5155F0AFB601}.Debug|Any CPU.Build.0 = Debug|Any CPU
		{A3A04BE1-0591-45D8-8BC7-5155F0AFB601}.Release|Any CPU.ActiveCfg = Release|Any CPU
		{A3A04BE1-0591-45D8-8BC7-5155F0AFB601}.Release|Any CPU.Build.0 = Release|Any CPU
		{6C0A4A10-E226-4B6F-9214-671956C9E016}.Debug|Any CPU.ActiveCfg = Debug|Any CPU
		{6C0A4A10-E226-4B6F-9214-671956C9E016}.Debug|Any CPU.Build.0 = Debug|Any CPU
		{6C0A4A10-E226-4B6F-9214-671956C9E016}.Release|Any CPU.ActiveCfg = Release|Any CPU
		{6C0A4A10-E226-4B6F-9214-671956C9E016}.Release|Any CPU.Build.0 = Release|Any CPU
		{CD235A13-D211-4DAD-9FB1-BB0C1064935F}.Debug|Any CPU.ActiveCfg = Debug|Any CPU
		{CD235A13-D211-4DAD-9FB1-BB0C1064935F}.Debug|Any CPU.Build.0 = Debug|Any CPU
		{CD235A13-D211-4DAD-9FB1-BB0C1064935F}.Release|Any CPU.ActiveCfg = Release|Any CPU
		{CD235A13-D211-4DAD-9FB1-BB0C1064935F}.Release|Any CPU.Build.0 = Release|Any CPU
		{601D6DAC-15C1-4EC6-8EB8-2286574732A0}.Debug|Any CPU.ActiveCfg = Debug|Any CPU
		{601D6DAC-15C1-4EC6-8EB8-2286574732A0}.Debug|Any CPU.Build.0 = Debug|Any CPU
		{601D6DAC-15C1-4EC6-8EB8-2286574732A0}.Release|Any CPU.ActiveCfg = Release|Any CPU
		{601D6DAC-15C1-4EC6-8EB8-2286574732A0}.Release|Any CPU.Build.0 = Release|Any CPU
	EndGlobalSection
	GlobalSection(SolutionProperties) = preSolution
		HideSolutionNode = FALSE
	EndGlobalSection
	GlobalSection(NestedProjects) = preSolution
		{601D6DAC-15C1-4EC6-8EB8-2286574732A0} = {02EA681E-C7D8-13C7-8484-4AC65E1B71E8}
	EndGlobalSection
	GlobalSection(ExtensibilityGlobals) = postSolution
		SolutionGuid = {83CB65B8-011F-4ED7-BCD3-A6CFA935EF7E}
	EndGlobalSection
EndGlobal
